
Microsoft Visual Studio Solution File, Format Version 12.00
# Visual Studio Version 16
VisualStudioVersion = 16.0.31005.135
MinimumVisualStudioVersion = 10.0.40219.1
Project("{FAE04EC0-301F-11D3-BF4B-00C04F79EFBC}") = "lab3", "lab3.csproj", "{365AF7FF-8197-4D46-9D58-BEA36A73561B}"
EndProject
Global
	GlobalSection(SolutionConfigurationPlatforms) = preSolution
		Debug|Any CPU = Debug|Any CPU
		Release|Any CPU = Release|Any CPU
	EndGlobalSection
	GlobalSection(ProjectConfigurationPlatforms) = postSolution
		{365AF7FF-8197-4D46-9D58-BEA36A73561B}.Debug|Any CPU.ActiveCfg = Debug|Any CPU
		{365AF7FF-8197-4D46-9D58-BEA36A73561B}.Debug|Any CPU.Build.0 = Debug|Any CPU
		{365AF7FF-8197-4D46-9D58-BEA36A73561B}.Release|Any CPU.ActiveCfg = Release|Any CPU
		{365AF7FF-8197-4D46-9D58-BEA36A73561B}.Release|Any CPU.Build.0 = Release|Any CPU
	EndGlobalSection
	GlobalSection(SolutionProperties) = preSolution
		HideSolutionNode = FALSE
	EndGlobalSection
	GlobalSection(ExtensibilityGlobals) = postSolution
		SolutionGuid = {D12E3EB1-C28C-476C-B1BA-4F7C964F70FB}
	EndGlobalSection
EndGlobal
